{
  "name": "@frida/stream",
  "version": "1.0.1",
  "lockfileVersion": 2,
  "requires": true,
  "packages": {
    "": {
      "name": "@frida/stream",
      "version": "1.0.1",
      "license": "MIT",
      "dependencies": {
        "@frida/readable-stream": "^4.1.0"
      }
    },
    "node_modules/@frida/readable-stream": {
      "version": "4.1.3",
      "resolved": "https://registry.npmjs.org/@frida/readable-stream/-/readable-stream-4.1.3.tgz",
      "integrity": "sha512-ntGUFmi+CryRGRJIK13a/VST2Ad19uivbln8Xd92vKPAARq+6vMIASDyZIqyl5BLRccfiyCHdYgrgQ6RI5rUig=="
    }
  },
  "dependencies": {
    "@frida/readable-stream": {
      "version": "4.1.3",
      "resolved": "https://registry.npmjs.org/@frida/readable-stream/-/readable-stream-4.1.3.tgz",
      "integrity": "sha512-ntGUFmi+CryRGRJIK13a/VST2Ad19uivbln8Xd92vKPAARq+6vMIASDyZIqyl5BLRccfiyCHdYgrgQ6RI5rUig=="
    }
  }
}
