{
  "name": "@frida/stream",
  "version": "1.0.0",
  "lockfileVersion": 1,
  "requires": true,
  "dependencies": {
    "@frida/readable-stream": {
      "version": "4.1.0",
      "resolved": "https://registry.npmjs.org/@frida/readable-stream/-/readable-stream-4.1.0.tgz",
      "integrity": "sha512-Mj4Pg+JwQID1LvhmF1CCCxb+Khw5/BJQh8KU8PbcCKFHTyGXGvEwISTN27U2zpUF1YuDutMtEti2b6JxmCV7kQ=="
    }
  }
}
